{
  "name": "getting-started-threejs-start",
  "lockfileVersion": 3,
  "requires": true,
  "packages": {
    "": {
      "dependencies": {
        "three": "^0.181.2"
      }
    },
    "node_modules/three": {
      "version": "0.181.2",
      "resolved": "C:\\Users\\balin\\OneDrive\\Dokumentumok\\Desktop\\getting-started-threejs-start\\three-0.181.2.tgz",
      "integrity": "sha512-k/CjiZ80bYss6Qs7/ex1TBlPD11whT9oKfT8oTGiHa34W4JRd1NiH/Tr1DbHWQ2/vMUypxksLnF2CfmlmM5XFQ==",
      "license": "MIT"
    }
  }
}
